Microsoft Visual Studio Solution File, Format Version 8.00
Project("{F184B08F-C81C-45F6-A57F-5ABD9991F28F}") = "RomanNET05", "RomanNET05.vbproj", "{B1771676-0E1B-4E77-BED0-246F2AD814DB}"
	ProjectSection(ProjectDependencies) = postProject
	EndProjectSection
EndProject
Global
	GlobalSection(SolutionConfiguration) = preSolution
		Debug = Debug
		Release = Release
	EndGlobalSection
	GlobalSection(ProjectConfiguration) = postSolution
		{B1771676-0E1B-4E77-BED0-246F2AD814DB}.Debug.ActiveCfg = Debug|.NET
		{B1771676-0E1B-4E77-BED0-246F2AD814DB}.Debug.Build.0 = Debug|.NET
		{B1771676-0E1B-4E77-BED0-246F2AD814DB}.Release.ActiveCfg = Release|.NET
		{B1771676-0E1B-4E77-BED0-246F2AD814DB}.Release.Build.0 = Release|.NET
	EndGlobalSection
	GlobalSection(ExtensibilityGlobals) = postSolution
	EndGlobalSection
	GlobalSection(ExtensibilityAddIns) = postSolution
	EndGlobalSection
EndGlobal
