Microsoft Visual Studio Solution File, Format Version 8.00
Project("{F184B08F-C81C-45F6-A57F-5ABD9991F28F}") = "TestScreen", "TestScreen.vbproj", "{0B497A3B-82C1-4033-8FB9-B58FB6685931}"
	ProjectSection(ProjectDependencies) = postProject
	EndProjectSection
EndProject
Global
	GlobalSection(SolutionConfiguration) = preSolution
		Debug = Debug
		Release = Release
	EndGlobalSection
	GlobalSection(ProjectConfiguration) = postSolution
		{0B497A3B-82C1-4033-8FB9-B58FB6685931}.Debug.ActiveCfg = Debug|.NET
		{0B497A3B-82C1-4033-8FB9-B58FB6685931}.Debug.Build.0 = Debug|.NET
		{0B497A3B-82C1-4033-8FB9-B58FB6685931}.Release.ActiveCfg = Release|.NET
		{0B497A3B-82C1-4033-8FB9-B58FB6685931}.Release.Build.0 = Release|.NET
	EndGlobalSection
	GlobalSection(ExtensibilityGlobals) = postSolution
	EndGlobalSection
	GlobalSection(ExtensibilityAddIns) = postSolution
	EndGlobalSection
EndGlobal
