Microsoft Visual Studio Solution File, Format Version 8.00
Project("{F184B08F-C81C-45F6-A57F-5ABD9991F28F}") = "Kompatibilität", "Kompatibilität.vbproj", "{96443160-FA31-4DC4-8F49-FBFCB9583FB4}"
	ProjectSection(ProjectDependencies) = postProject
	EndProjectSection
EndProject
Global
	GlobalSection(SolutionConfiguration) = preSolution
		Debug = Debug
		Release = Release
	EndGlobalSection
	GlobalSection(ProjectConfiguration) = postSolution
		{96443160-FA31-4DC4-8F49-FBFCB9583FB4}.Debug.ActiveCfg = Debug|.NET
		{96443160-FA31-4DC4-8F49-FBFCB9583FB4}.Debug.Build.0 = Debug|.NET
		{96443160-FA31-4DC4-8F49-FBFCB9583FB4}.Release.ActiveCfg = Release|.NET
		{96443160-FA31-4DC4-8F49-FBFCB9583FB4}.Release.Build.0 = Release|.NET
	EndGlobalSection
	GlobalSection(ExtensibilityGlobals) = postSolution
	EndGlobalSection
	GlobalSection(ExtensibilityAddIns) = postSolution
	EndGlobalSection
EndGlobal
