
Microsoft Visual Studio Solution File, Format Version 11.00
# Visual Studio 2010
Project("{F184B08F-C81C-45F6-A57F-5ABD9991F28F}") = "StopWatch", "StopWatch\StopWatch.vbproj", "{9FFB1DD7-9BF0-4073-9C8A-1E88613A8D24}"
EndProject
Global
	GlobalSection(SolutionConfigurationPlatforms) = preSolution
		Debug|x86 = Debug|x86
		Release|x86 = Release|x86
	EndGlobalSection
	GlobalSection(ProjectConfigurationPlatforms) = postSolution
		{9FFB1DD7-9BF0-4073-9C8A-1E88613A8D24}.Debug|x86.ActiveCfg = Debug|x86
		{9FFB1DD7-9BF0-4073-9C8A-1E88613A8D24}.Debug|x86.Build.0 = Debug|x86
		{9FFB1DD7-9BF0-4073-9C8A-1E88613A8D24}.Release|x86.ActiveCfg = Release|x86
		{9FFB1DD7-9BF0-4073-9C8A-1E88613A8D24}.Release|x86.Build.0 = Release|x86
	EndGlobalSection
	GlobalSection(SolutionProperties) = preSolution
		HideSolutionNode = FALSE
	EndGlobalSection
EndGlobal
