Microsoft Visual Studio Solution File, Format Version 8.00
Project("{F184B08F-C81C-45F6-A57F-5ABD9991F28F}") = "CompositeFormatting", "CompositeFormatting.vbproj", "{02142579-C8E7-4DFB-975A-1AEC733FBC15}"
	ProjectSection(ProjectDependencies) = postProject
	EndProjectSection
EndProject
Global
	GlobalSection(SolutionConfiguration) = preSolution
		Debug = Debug
		Release = Release
	EndGlobalSection
	GlobalSection(ProjectConfiguration) = postSolution
		{02142579-C8E7-4DFB-975A-1AEC733FBC15}.Debug.ActiveCfg = Debug|.NET
		{02142579-C8E7-4DFB-975A-1AEC733FBC15}.Debug.Build.0 = Debug|.NET
		{02142579-C8E7-4DFB-975A-1AEC733FBC15}.Release.ActiveCfg = Release|.NET
		{02142579-C8E7-4DFB-975A-1AEC733FBC15}.Release.Build.0 = Release|.NET
	EndGlobalSection
	GlobalSection(ExtensibilityGlobals) = postSolution
	EndGlobalSection
	GlobalSection(ExtensibilityAddIns) = postSolution
	EndGlobalSection
EndGlobal
