Microsoft Visual Studio Solution File, Format Version 8.00
Project("{F184B08F-C81C-45F6-A57F-5ABD9991F28F}") = "NewOverloadError", "NewOverloadError.vbproj", "{FA4EABD6-5EB6-47FA-971E-34627AAF1DD1}"
	ProjectSection(ProjectDependencies) = postProject
	EndProjectSection
EndProject
Global
	GlobalSection(SolutionConfiguration) = preSolution
		Debug = Debug
		Release = Release
	EndGlobalSection
	GlobalSection(ProjectConfiguration) = postSolution
		{FA4EABD6-5EB6-47FA-971E-34627AAF1DD1}.Debug.ActiveCfg = Debug|.NET
		{FA4EABD6-5EB6-47FA-971E-34627AAF1DD1}.Debug.Build.0 = Debug|.NET
		{FA4EABD6-5EB6-47FA-971E-34627AAF1DD1}.Release.ActiveCfg = Release|.NET
		{FA4EABD6-5EB6-47FA-971E-34627AAF1DD1}.Release.Build.0 = Release|.NET
	EndGlobalSection
	GlobalSection(ExtensibilityGlobals) = postSolution
	EndGlobalSection
	GlobalSection(ExtensibilityAddIns) = postSolution
	EndGlobalSection
EndGlobal
