
Microsoft Visual Studio Solution File, Format Version 11.00
# Visual Studio 2010
Project("{F184B08F-C81C-45F6-A57F-5ABD9991F28F}") = "CustomEvents", "CustomEvents\CustomEvents.vbproj", "{57B6FC43-65A3-40E0-9D63-750FD081B2D9}"
EndProject
Global
	GlobalSection(SolutionConfigurationPlatforms) = preSolution
		Debug|x86 = Debug|x86
		Release|x86 = Release|x86
	EndGlobalSection
	GlobalSection(ProjectConfigurationPlatforms) = postSolution
		{57B6FC43-65A3-40E0-9D63-750FD081B2D9}.Debug|x86.ActiveCfg = Debug|x86
		{57B6FC43-65A3-40E0-9D63-750FD081B2D9}.Debug|x86.Build.0 = Debug|x86
		{57B6FC43-65A3-40E0-9D63-750FD081B2D9}.Release|x86.ActiveCfg = Release|x86
		{57B6FC43-65A3-40E0-9D63-750FD081B2D9}.Release|x86.Build.0 = Release|x86
	EndGlobalSection
	GlobalSection(SolutionProperties) = preSolution
		HideSolutionNode = FALSE
	EndGlobalSection
EndGlobal
