
Microsoft Visual Studio Solution File, Format Version 11.00
# Visual Studio 2010
Project("{F184B08F-C81C-45F6-A57F-5ABD9991F28F}") = "CInt", "CInt\CInt.vbproj", "{747FA7F2-0C15-4900-92A0-2D8671FCD8DA}"
EndProject
Project("{FAE04EC0-301F-11D3-BF4B-00C04F79EFBC}") = "CintEmu", "CintEmu\CintEmu.csproj", "{6A6C40F9-0B4C-4137-AC58-E88C72C8D3C2}"
EndProject
Global
	GlobalSection(SolutionConfigurationPlatforms) = preSolution
		Debug|Any CPU = Debug|Any CPU
		Debug|Mixed Platforms = Debug|Mixed Platforms
		Debug|x86 = Debug|x86
		Release|Any CPU = Release|Any CPU
		Release|Mixed Platforms = Release|Mixed Platforms
		Release|x86 = Release|x86
	EndGlobalSection
	GlobalSection(ProjectConfigurationPlatforms) = postSolution
		{747FA7F2-0C15-4900-92A0-2D8671FCD8DA}.Debug|Any CPU.ActiveCfg = Debug|x86
		{747FA7F2-0C15-4900-92A0-2D8671FCD8DA}.Debug|Mixed Platforms.ActiveCfg = Debug|x86
		{747FA7F2-0C15-4900-92A0-2D8671FCD8DA}.Debug|Mixed Platforms.Build.0 = Debug|x86
		{747FA7F2-0C15-4900-92A0-2D8671FCD8DA}.Debug|x86.ActiveCfg = Debug|x86
		{747FA7F2-0C15-4900-92A0-2D8671FCD8DA}.Debug|x86.Build.0 = Debug|x86
		{747FA7F2-0C15-4900-92A0-2D8671FCD8DA}.Release|Any CPU.ActiveCfg = Release|x86
		{747FA7F2-0C15-4900-92A0-2D8671FCD8DA}.Release|Mixed Platforms.ActiveCfg = Release|x86
		{747FA7F2-0C15-4900-92A0-2D8671FCD8DA}.Release|Mixed Platforms.Build.0 = Release|x86
		{747FA7F2-0C15-4900-92A0-2D8671FCD8DA}.Release|x86.ActiveCfg = Release|x86
		{747FA7F2-0C15-4900-92A0-2D8671FCD8DA}.Release|x86.Build.0 = Release|x86
		{6A6C40F9-0B4C-4137-AC58-E88C72C8D3C2}.Debug|Any CPU.ActiveCfg = Debug|Any CPU
		{6A6C40F9-0B4C-4137-AC58-E88C72C8D3C2}.Debug|Any CPU.Build.0 = Debug|Any CPU
		{6A6C40F9-0B4C-4137-AC58-E88C72C8D3C2}.Debug|Mixed Platforms.ActiveCfg = Debug|Any CPU
		{6A6C40F9-0B4C-4137-AC58-E88C72C8D3C2}.Debug|Mixed Platforms.Build.0 = Debug|Any CPU
		{6A6C40F9-0B4C-4137-AC58-E88C72C8D3C2}.Debug|x86.ActiveCfg = Debug|Any CPU
		{6A6C40F9-0B4C-4137-AC58-E88C72C8D3C2}.Release|Any CPU.ActiveCfg = Release|Any CPU
		{6A6C40F9-0B4C-4137-AC58-E88C72C8D3C2}.Release|Any CPU.Build.0 = Release|Any CPU
		{6A6C40F9-0B4C-4137-AC58-E88C72C8D3C2}.Release|Mixed Platforms.ActiveCfg = Release|Any CPU
		{6A6C40F9-0B4C-4137-AC58-E88C72C8D3C2}.Release|Mixed Platforms.Build.0 = Release|Any CPU
		{6A6C40F9-0B4C-4137-AC58-E88C72C8D3C2}.Release|x86.ActiveCfg = Release|Any CPU
	EndGlobalSection
	GlobalSection(SolutionProperties) = preSolution
		HideSolutionNode = FALSE
	EndGlobalSection
EndGlobal
