Microsoft Visual Studio Solution File, Format Version 8.00
Project("{F184B08F-C81C-45F6-A57F-5ABD9991F28F}") = "SingleThread", "SingleThread\SingleThread.vbproj", "{C2B5FB2B-D60E-45ED-9456-BF4B479A7978}"
	ProjectSection(ProjectDependencies) = postProject
	EndProjectSection
EndProject
Global
	GlobalSection(SolutionConfiguration) = preSolution
		Debug = Debug
		Release = Release
	EndGlobalSection
	GlobalSection(ProjectConfiguration) = postSolution
		{C2B5FB2B-D60E-45ED-9456-BF4B479A7978}.Debug.ActiveCfg = Debug|.NET
		{C2B5FB2B-D60E-45ED-9456-BF4B479A7978}.Debug.Build.0 = Debug|.NET
		{C2B5FB2B-D60E-45ED-9456-BF4B479A7978}.Release.ActiveCfg = Release|.NET
		{C2B5FB2B-D60E-45ED-9456-BF4B479A7978}.Release.Build.0 = Release|.NET
	EndGlobalSection
	GlobalSection(ExtensibilityGlobals) = postSolution
	EndGlobalSection
	GlobalSection(ExtensibilityAddIns) = postSolution
	EndGlobalSection
EndGlobal
