
Microsoft Visual Studio Solution File, Format Version 11.00
# Visual Studio 2010
Project("{F184B08F-C81C-45F6-A57F-5ABD9991F28F}") = "ImageResizer", "ImageResizer\ImageResizer.vbproj", "{37428814-AD4D-4C13-BEEC-C91BB3412C01}"
EndProject
Project("{F184B08F-C81C-45F6-A57F-5ABD9991F28F}") = "WriteableBitmapManager", "WriteableBitmapManager\WriteableBitmapManager.vbproj", "{3938F038-229F-4B2D-BAD8-218EE2762B89}"
EndProject
Global
	GlobalSection(SolutionConfigurationPlatforms) = preSolution
		Debug|Any CPU = Debug|Any CPU
		Debug|Mixed Platforms = Debug|Mixed Platforms
		Debug|x86 = Debug|x86
		Release|Any CPU = Release|Any CPU
		Release|Mixed Platforms = Release|Mixed Platforms
		Release|x86 = Release|x86
	EndGlobalSection
	GlobalSection(ProjectConfigurationPlatforms) = postSolution
		{37428814-AD4D-4C13-BEEC-C91BB3412C01}.Debug|Any CPU.ActiveCfg = Debug|x86
		{37428814-AD4D-4C13-BEEC-C91BB3412C01}.Debug|Mixed Platforms.ActiveCfg = Debug|x86
		{37428814-AD4D-4C13-BEEC-C91BB3412C01}.Debug|Mixed Platforms.Build.0 = Debug|x86
		{37428814-AD4D-4C13-BEEC-C91BB3412C01}.Debug|x86.ActiveCfg = Debug|x86
		{37428814-AD4D-4C13-BEEC-C91BB3412C01}.Debug|x86.Build.0 = Debug|x86
		{37428814-AD4D-4C13-BEEC-C91BB3412C01}.Release|Any CPU.ActiveCfg = Release|x86
		{37428814-AD4D-4C13-BEEC-C91BB3412C01}.Release|Mixed Platforms.ActiveCfg = Release|x86
		{37428814-AD4D-4C13-BEEC-C91BB3412C01}.Release|Mixed Platforms.Build.0 = Release|x86
		{37428814-AD4D-4C13-BEEC-C91BB3412C01}.Release|x86.ActiveCfg = Release|x86
		{37428814-AD4D-4C13-BEEC-C91BB3412C01}.Release|x86.Build.0 = Release|x86
		{3938F038-229F-4B2D-BAD8-218EE2762B89}.Debug|Any CPU.ActiveCfg = Debug|Any CPU
		{3938F038-229F-4B2D-BAD8-218EE2762B89}.Debug|Any CPU.Build.0 = Debug|Any CPU
		{3938F038-229F-4B2D-BAD8-218EE2762B89}.Debug|Mixed Platforms.ActiveCfg = Debug|Any CPU
		{3938F038-229F-4B2D-BAD8-218EE2762B89}.Debug|Mixed Platforms.Build.0 = Debug|Any CPU
		{3938F038-229F-4B2D-BAD8-218EE2762B89}.Debug|x86.ActiveCfg = Debug|Any CPU
		{3938F038-229F-4B2D-BAD8-218EE2762B89}.Release|Any CPU.ActiveCfg = Release|Any CPU
		{3938F038-229F-4B2D-BAD8-218EE2762B89}.Release|Any CPU.Build.0 = Release|Any CPU
		{3938F038-229F-4B2D-BAD8-218EE2762B89}.Release|Mixed Platforms.ActiveCfg = Release|Any CPU
		{3938F038-229F-4B2D-BAD8-218EE2762B89}.Release|Mixed Platforms.Build.0 = Release|Any CPU
		{3938F038-229F-4B2D-BAD8-218EE2762B89}.Release|x86.ActiveCfg = Release|Any CPU
	EndGlobalSection
	GlobalSection(SolutionProperties) = preSolution
		HideSolutionNode = FALSE
	EndGlobalSection
EndGlobal
